
Microsoft Visual Studio Solution File, Format Version 12.00
# Visual Studio Version 17
VisualStudioVersion = 17.13.35806.99 d17.13
MinimumVisualStudioVersion = 10.0.40219.1
Project("{FAE04EC0-301F-11D3-BF4B-00C04F79EFBC}") = "WebPiaget", "WebPiaget\WebPiaget.csproj", "{B54AF04F-AA3D-4D03-8130-D482A64CA7A2}"
EndProject
Global
	GlobalSection(SolutionConfigurationPlatforms) = preSolution
		Debug|Any CPU = Debug|Any CPU
		Release|Any CPU = Release|Any CPU
	EndGlobalSection
	GlobalSection(ProjectConfigurationPlatforms) = postSolution
		{B54AF04F-AA3D-4D03-8130-D482A64CA7A2}.Debug|Any CPU.ActiveCfg = Debug|Any CPU
		{B54AF04F-AA3D-4D03-8130-D482A64CA7A2}.Debug|Any CPU.Build.0 = Debug|Any CPU
		{B54AF04F-AA3D-4D03-8130-D482A64CA7A2}.Release|Any CPU.ActiveCfg = Release|Any CPU
		{B54AF04F-AA3D-4D03-8130-D482A64CA7A2}.Release|Any CPU.Build.0 = Release|Any CPU
	EndGlobalSection
	GlobalSection(SolutionProperties) = preSolution
		HideSolutionNode = FALSE
	EndGlobalSection
	GlobalSection(ExtensibilityGlobals) = postSolution
		SolutionGuid = {9E77BA2D-308D-41E4-AEB0-0BBC8DE7CDA9}
	EndGlobalSection
EndGlobal
